// !$*UTF8*$!
{
	archiveVersion = 1;
	classes = {
	};
	objectVersion = 55;
	objects = {

/* Begin PBXBuildFile section */
		830E3ED4282817C60077169A /* AppDelegate.swift in Sources */ = {isa = PBXBuildFile; fileRef = 830E3ED3282817C60077169A /* AppDelegate.swift */; };
		830E3ED6282817C60077169A /* SceneDelegate.swift in Sources */ = {isa = PBXBuildFile; fileRef = 830E3ED5282817C60077169A /* SceneDelegate.swift */; };
		830E3ED8282817C60077169A /* MainViewController.swift in Sources */ = {isa = PBXBuildFile; fileRef = 830E3ED7282817C60077169A /* MainViewController.swift */; };
		830E3EDB282817C60077169A /* Main.storyboard in Resources */ = {isa = PBXBuildFile; fileRef = 830E3ED9282817C60077169A /* Main.storyboard */; };
		830E3EDD282817C70077169A /* Assets.xcassets in Resources */ = {isa = PBXBuildFile; fileRef = 830E3EDC282817C70077169A /* Assets.xcassets */; };
		830E3EE0282817C70077169A /* LaunchScreen.storyboard in Resources */ = {isa = PBXBuildFile; fileRef = 830E3EDE282817C70077169A /* LaunchScreen.storyboard */; };
		830E415E282A70CC00A81247 /* UIAlertController++Extension.swift in Sources */ = {isa = PBXBuildFile; fileRef = 830E415D282A70CC00A81247 /* UIAlertController++Extension.swift */; };
		8390C30928294B6500E8D57A /* TimerViewController.swift in Sources */ = {isa = PBXBuildFile; fileRef = 8390C30828294B6500E8D57A /* TimerViewController.swift */; };
		8390C30B28294B7600E8D57A /* MemoViewController.swift in Sources */ = {isa = PBXBuildFile; fileRef = 8390C30A28294B7600E8D57A /* MemoViewController.swift */; };
		8390C30E28294D4B00E8D57A /* LapsTableViewCell.swift in Sources */ = {isa = PBXBuildFile; fileRef = 8390C30D28294D4B00E8D57A /* LapsTableViewCell.swift */; };
/* End PBXBuildFile section */

/* Begin PBXFileReference section */
		830E3ED0282817C60077169A /* CHTimer.app */ = {isa = PBXFileReference; explicitFileType = wrapper.application; includeInIndex = 0; path = CHTimer.app; sourceTree = BUILT_PRODUCTS_DIR; };
		830E3ED3282817C60077169A /* AppDelegate.swift */ = {isa = PBXFileReference; lastKnownFileType = sourcecode.swift; path = AppDelegate.swift; sourceTree = "<group>"; };
		830E3ED5282817C60077169A /* SceneDelegate.swift */ = {isa = PBXFileReference; lastKnownFileType = sourcecode.swift; path = SceneDelegate.swift; sourceTree = "<group>"; };
		830E3ED7282817C60077169A /* MainViewController.swift */ = {isa = PBXFileReference; lastKnownFileType = sourcecode.swift; path = MainViewController.swift; sourceTree = "<group>"; };
		830E3EDA282817C60077169A /* Base */ = {isa = PBXFileReference; lastKnownFileType = file.storyboard; name = Base; path = Base.lproj/Main.storyboard; sourceTree = "<group>"; };
		830E3EDC282817C70077169A /* Assets.xcassets */ = {isa = PBXFileReference; lastKnownFileType = folder.assetcatalog; path = Assets.xcassets; sourceTree = "<group>"; };
		830E3EDF282817C70077169A /* Base */ = {isa = PBXFileReference; lastKnownFileType = file.storyboard; name = Base; path = Base.lproj/LaunchScreen.storyboard; sourceTree = "<group>"; };
		830E3EE1282817C70077169A /* Info.plist */ = {isa = PBXFileReference; lastKnownFileType = text.plist.xml; path = Info.plist; sourceTree = "<group>"; };
		830E415D282A70CC00A81247 /* UIAlertController++Extension.swift */ = {isa = PBXFileReference; lastKnownFileType = sourcecode.swift; path = "UIAlertController++Extension.swift"; sourceTree = "<group>"; };
		8390C30828294B6500E8D57A /* TimerViewController.swift */ = {isa = PBXFileReference; lastKnownFileType = sourcecode.swift; path = TimerViewController.swift; sourceTree = "<group>"; };
		8390C30A28294B7600E8D57A /* MemoViewController.swift */ = {isa = PBXFileReference; lastKnownFileType = sourcecode.swift; path = MemoViewController.swift; sourceTree = "<group>"; };
		8390C30D28294D4B00E8D57A /* LapsTableViewCell.swift */ = {isa = PBXFileReference; lastKnownFileType = sourcecode.swift; name = LapsTableViewCell.swift; path = CHTimer/Source/Cell/LapsTableViewCell.swift; sourceTree = SOURCE_ROOT; };
/* End PBXFileReference section */

/* Begin PBXFrameworksBuildPhase section */
		830E3ECD282817C60077169A /* Frameworks */ = {
			isa = PBXFrameworksBuildPhase;
			buildActionMask = 2147483647;
			files = (
			);
			runOnlyForDeploymentPostprocessing = 0;
		};
/* End PBXFrameworksBuildPhase section */

/* Begin PBXGroup section */
		830E3EC7282817C60077169A = {
			isa = PBXGroup;
			children = (
				830E3ED2282817C60077169A /* CHTimer */,
				830E3ED1282817C60077169A /* Products */,
			);
			sourceTree = "<group>";
		};
		830E3ED1282817C60077169A /* Products */ = {
			isa = PBXGroup;
			children = (
				830E3ED0282817C60077169A /* CHTimer.app */,
			);
			name = Products;
			sourceTree = "<group>";
		};
		830E3ED2282817C60077169A /* CHTimer */ = {
			isa = PBXGroup;
			children = (
				832EA22B2829433500B7B663 /* Resource */,
				832EA2292829432600B7B663 /* Source */,
				830E3EE1282817C70077169A /* Info.plist */,
			);
			path = CHTimer;
			sourceTree = "<group>";
		};
		830E415F282A74C300A81247 /* Extension */ = {
			isa = PBXGroup;
			children = (
				830E415D282A70CC00A81247 /* UIAlertController++Extension.swift */,
			);
			path = Extension;
			sourceTree = "<group>";
		};
		832EA2292829432600B7B663 /* Source */ = {
			isa = PBXGroup;
			children = (
				830E415F282A74C300A81247 /* Extension */,
				8390C30C28294BEF00E8D57A /* VC */,
				8390C30F28294D5100E8D57A /* Cell */,
				830E3ED3282817C60077169A /* AppDelegate.swift */,
				830E3ED5282817C60077169A /* SceneDelegate.swift */,
			);
			path = Source;
			sourceTree = "<group>";
		};
		832EA22B2829433500B7B663 /* Resource */ = {
			isa = PBXGroup;
			children = (
				830E3ED9282817C60077169A /* Main.storyboard */,
				830E3EDC282817C70077169A /* Assets.xcassets */,
				830E3EDE282817C70077169A /* LaunchScreen.storyboard */,
			);
			path = Resource;
			sourceTree = "<group>";
		};
		8390C30C28294BEF00E8D57A /* VC */ = {
			isa = PBXGroup;
			children = (
				830E3ED7282817C60077169A /* MainViewController.swift */,
				8390C30828294B6500E8D57A /* TimerViewController.swift */,
				8390C30A28294B7600E8D57A /* MemoViewController.swift */,
			);
			path = VC;
			sourceTree = "<group>";
		};
		8390C30F28294D5100E8D57A /* Cell */ = {
			isa = PBXGroup;
			children = (
				8390C30D28294D4B00E8D57A /* LapsTableViewCell.swift */,
			);
			path = Cell;
			sourceTree = "<group>";
		};
/* End PBXGroup section */

/* Begin PBXNativeTarget section */
		830E3ECF282817C60077169A /* CHTimer */ = {
			isa = PBXNativeTarget;
			buildConfigurationList = 830E3EE4282817C70077169A /* Build configuration list for PBXNativeTarget "CHTimer" */;
			buildPhases = (
				830E3ECC282817C60077169A /* Sources */,
				830E3ECD282817C60077169A /* Frameworks */,
				830E3ECE282817C60077169A /* Resources */,
			);
			buildRules = (
			);
			dependencies = (
			);
			name = CHTimer;
			productName = CHTimer;
			productReference = 830E3ED0282817C60077169A /* CHTimer.app */;
			productType = "com.apple.product-type.application";
		};
/* End PBXNativeTarget section */

/* Begin PBXProject section */
		830E3EC8282817C60077169A /* Project object */ = {
			isa = PBXProject;
			attributes = {
				BuildIndependentTargetsInParallel = 1;
				LastSwiftUpdateCheck = 1330;
				LastUpgradeCheck = 1330;
				TargetAttributes = {
					830E3ECF282817C60077169A = {
						CreatedOnToolsVersion = 13.3.1;
					};
				};
			};
			buildConfigurationList = 830E3ECB282817C60077169A /* Build configuration list for PBXProject "CHTimer" */;
			compatibilityVersion = "Xcode 13.0";
			developmentRegion = en;
			hasScannedForEncodings = 0;
			knownRegions = (
				en,
				Base,
			);
			mainGroup = 830E3EC7282817C60077169A;
			productRefGroup = 830E3ED1282817C60077169A /* Products */;
			projectDirPath = "";
			projectRoot = "";
			targets = (
				830E3ECF282817C60077169A /* CHTimer */,
			);
		};
/* End PBXProject section */

/* Begin PBXResourcesBuildPhase section */
		830E3ECE282817C60077169A /* Resources */ = {
			isa = PBXResourcesBuildPhase;
			buildActionMask = 2147483647;
			files = (
				830E3EE0282817C70077169A /* LaunchScreen.storyboard in Resources */,
				830E3EDD282817C70077169A /* Assets.xcassets in Resources */,
				830E3EDB282817C60077169A /* Main.storyboard in Resources */,
			);
			runOnlyForDeploymentPostprocessing = 0;
		};
/* End PBXResourcesBuildPhase section */

/* Begin PBXSourcesBuildPhase section */
		830E3ECC282817C60077169A /* Sources */ = {
			isa = PBXSourcesBuildPhase;
			buildActionMask = 2147483647;
			files = (
				8390C30928294B6500E8D57A /* TimerViewController.swift in Sources */,
				830E3ED8282817C60077169A /* MainViewController.swift in Sources */,
				8390C30B28294B7600E8D57A /* MemoViewController.swift in Sources */,
				8390C30E28294D4B00E8D57A /* LapsTableViewCell.swift in Sources */,
				830E3ED4282817C60077169A /* AppDelegate.swift in Sources */,
				830E3ED6282817C60077169A /* SceneDelegate.swift in Sources */,
				830E415E282A70CC00A81247 /* UIAlertController++Extension.swift in Sources */,
			);
			runOnlyForDeploymentPostprocessing = 0;
		};
/* End PBXSourcesBuildPhase section */

/* Begin PBXVariantGroup section */
		830E3ED9282817C60077169A /* Main.storyboard */ = {
			isa = PBXVariantGroup;
			children = (
				830E3EDA282817C60077169A /* Base */,
			);
			name = Main.storyboard;
			sourceTree = "<group>";
		};
		830E3EDE282817C70077169A /* LaunchScreen.storyboard */ = {
			isa = PBXVariantGroup;
			children = (
				830E3EDF282817C70077169A /* Base */,
			);
			name = LaunchScreen.storyboard;
			sourceTree = "<group>";
		};
/* End PBXVariantGroup section */

/* Begin XCBuildConfiguration section */
		830E3EE2282817C70077169A /* Debug */ = {
			isa = XCBuildConfiguration;
			buildSettings = {
				ALWAYS_SEARCH_USER_PATHS = NO;
				CLANG_ANALYZER_NONNULL = YES;
				CLANG_ANALYZER_NUMBER_OBJECT_CONVERSION = YES_AGGRESSIVE;
				CLANG_CXX_LANGUAGE_STANDARD = "gnu++17";
				CLANG_ENABLE_MODULES = YES;
				CLANG_ENABLE_OBJC_ARC = YES;
				CLANG_ENABLE_OBJC_WEAK = YES;
				CLANG_WARN_BLOCK_CAPTURE_AUTORELEASING = YES;
				CLANG_WARN_BOOL_CONVERSION = YES;
				CLANG_WARN_COMMA = YES;
				CLANG_WARN_CONSTANT_CONVERSION = YES;
				CLANG_WARN_DEPRECATED_OBJC_IMPLEMENTATIONS = YES;
				CLANG_WARN_DIRECT_OBJC_ISA_USAGE = YES_ERROR;
				CLANG_WARN_DOCUMENTATION_COMMENTS = YES;
				CLANG_WARN_EMPTY_BODY = YES;
				CLANG_WARN_ENUM_CONVERSION = YES;
				CLANG_WARN_INFINITE_RECURSION = YES;
				CLANG_WARN_INT_CONVERSION = YES;
				CLANG_WARN_NON_LITERAL_NULL_CONVERSION = YES;
				CLANG_WARN_OBJC_IMPLICIT_RETAIN_SELF = YES;
				CLANG_WARN_OBJC_LITERAL_CONVERSION = YES;
				CLANG_WARN_OBJC_ROOT_CLASS = YES_ERROR;
				CLANG_WARN_QUOTED_INCLUDE_IN_FRAMEWORK_HEADER = YES;
				CLANG_WARN_RANGE_LOOP_ANALYSIS = YES;
				CLANG_WARN_STRICT_PROTOTYPES = YES;
				CLANG_WARN_SUSPICIOUS_MOVE = YES;
				CLANG_WARN_UNGUARDED_AVAILABILITY = YES_AGGRESSIVE;
				CLANG_WARN_UNREACHABLE_CODE = YES;
				CLANG_WARN__DUPLICATE_METHOD_MATCH = YES;
				COPY_PHASE_STRIP = NO;
				DEBUG_INFORMATION_FORMAT = dwarf;
				ENABLE_STRICT_OBJC_MSGSEND = YES;
				ENABLE_TESTABILITY = YES;
				GCC_C_LANGUAGE_STANDARD = gnu11;
				GCC_DYNAMIC_NO_PIC = NO;
				GCC_NO_COMMON_BLOCKS = YES;
				GCC_OPTIMIZATION_LEVEL = 0;
				GCC_PREPROCESSOR_DEFINITIONS = (
					"DEBUG=1",
					"$(inherited)",
				);
				GCC_WARN_64_TO_32_BIT_CONVERSION = YES;
				GCC_WARN_ABOUT_RETURN_TYPE = YES_ERROR;
				GCC_WARN_UNDECLARED_SELECTOR = YES;
				GCC_WARN_UNINITIALIZED_AUTOS = YES_AGGRESSIVE;
				GCC_WARN_UNUSED_FUNCTION = YES;
				GCC_WARN_UNUSED_VARIABLE = YES;
				IPHONEOS_DEPLOYMENT_TARGET = 15.4;
				MTL_ENABLE_DEBUG_INFO = INCLUDE_SOURCE;
				MTL_FAST_MATH = YES;
				ONLY_ACTIVE_ARCH = YES;
				SDKROOT = iphoneos;
				SWIFT_ACTIVE_COMPILATION_CONDITIONS = DEBUG;
				SWIFT_OPTIMIZATION_LEVEL = "-Onone";
			};
			name = Debug;
		};
		830E3EE3282817C70077169A /* Release */ = {
			isa = XCBuildConfiguration;
			buildSettings = {
				ALWAYS_SEARCH_USER_PATHS = NO;
				CLANG_ANALYZER_NONNULL = YES;
				CLANG_ANALYZER_NUMBER_OBJECT_CONVERSION = YES_AGGRESSIVE;
				CLANG_CXX_LANGUAGE_STANDARD = "gnu++17";
				CLANG_ENABLE_MODULES = YES;
				CLANG_ENABLE_OBJC_ARC = YES;
				CLANG_ENABLE_OBJC_WEAK = YES;
				CLANG_WARN_BLOCK_CAPTURE_AUTORELEASING = YES;
				CLANG_WARN_BOOL_CONVERSION = YES;
				CLANG_WARN_COMMA = YES;
				CLANG_WARN_CONSTANT_CONVERSION = YES;
				CLANG_WARN_DEPRECATED_OBJC_IMPLEMENTATIONS = YES;
				CLANG_WARN_DIRECT_OBJC_ISA_USAGE = YES_ERROR;
				CLANG_WARN_DOCUMENTATION_COMMENTS = YES;
				CLANG_WARN_EMPTY_BODY = YES;
				CLANG_WARN_ENUM_CONVERSION = YES;
				CLANG_WARN_INFINITE_RECURSION = YES;
				CLANG_WARN_INT_CONVERSION = YES;
				CLANG_WARN_NON_LITERAL_NULL_CONVERSION = YES;
				CLANG_WARN_OBJC_IMPLICIT_RETAIN_SELF = YES;
				CLANG_WARN_OBJC_LITERAL_CONVERSION = YES;
				CLANG_WARN_OBJC_ROOT_CLASS = YES_ERROR;
				CLANG_WARN_QUOTED_INCLUDE_IN_FRAMEWORK_HEADER = YES;
				CLANG_WARN_RANGE_LOOP_ANALYSIS = YES;
				CLANG_WARN_STRICT_PROTOTYPES = YES;
				CLANG_WARN_SUSPICIOUS_MOVE = YES;
				CLANG_WARN_UNGUARDED_AVAILABILITY = YES_AGGRESSIVE;
				CLANG_WARN_UNREACHABLE_CODE = YES;
				CLANG_WARN__DUPLICATE_METHOD_MATCH = YES;
				COPY_PHASE_STRIP = NO;
				DEBUG_INFORMATION_FORMAT = "dwarf-with-dsym";
				ENABLE_NS_ASSERTIONS = NO;
				ENABLE_STRICT_OBJC_MSGSEND = YES;
				GCC_C_LANGUAGE_STANDARD = gnu11;
				GCC_NO_COMMON_BLOCKS = YES;
				GCC_WARN_64_TO_32_BIT_CONVERSION = YES;
				GCC_WARN_ABOUT_RETURN_TYPE = YES_ERROR;
				GCC_WARN_UNDECLARED_SELECTOR = YES;
				GCC_WARN_UNINITIALIZED_AUTOS = YES_AGGRESSIVE;
				GCC_WARN_UNUSED_FUNCTION = YES;
				GCC_WARN_UNUSED_VARIABLE = YES;
				IPHONEOS_DEPLOYMENT_TARGET = 15.4;
				MTL_ENABLE_DEBUG_INFO = NO;
				MTL_FAST_MATH = YES;
				SDKROOT = iphoneos;
				SWIFT_COMPILATION_MODE = wholemodule;
				SWIFT_OPTIMIZATION_LEVEL = "-O";
				VALIDATE_PRODUCT = YES;
			};
			name = Release;
		};
		830E3EE5282817C70077169A /* Debug */ = {
			isa = XCBuildConfiguration;
			buildSettings = {
				ASSETCATALOG_COMPILER_APPICON_NAME = AppIcon;
				ASSETCATALOG_COMPILER_GLOBAL_ACCENT_COLOR_NAME = AccentColor;
				CODE_SIGN_STYLE = Automatic;
				CURRENT_PROJECT_VERSION = 1;
				DEVELOPMENT_TEAM = D289277BWD;
				GENERATE_INFOPLIST_FILE = YES;
				INFOPLIST_FILE = CHTimer/Info.plist;
				INFOPLIST_KEY_UIApplicationSupportsIndirectInputEvents = YES;
				INFOPLIST_KEY_UILaunchStoryboardName = LaunchScreen;
				INFOPLIST_KEY_UIMainStoryboardFile = Main;
				INFOPLIST_KEY_UISupportedInterfaceOrientations_iPad = "UIInterfaceOrientationPortrait UIInterfaceOrientationPortraitUpsideDown UIInterfaceOrientationLandscapeLeft UIInterfaceOrientationLandscapeRight";
				INFOPLIST_KEY_UISupportedInterfaceOrientations_iPhone = "UIInterfaceOrientationPortrait UIInterfaceOrientationLandscapeLeft UIInterfaceOrientationLandscapeRight";
				LD_RUNPATH_SEARCH_PATHS = (
					"$(inherited)",
					"@executable_path/Frameworks",
				);
				MARKETING_VERSION = 1.0;
				PRODUCT_BUNDLE_IDENTIFIER = jcw.CHTimer;
				PRODUCT_NAME = "$(TARGET_NAME)";
				SWIFT_EMIT_LOC_STRINGS = YES;
				SWIFT_VERSION = 5.0;
				TARGETED_DEVICE_FAMILY = "1,2";
			};
			name = Debug;
		};
		830E3EE6282817C70077169A /* Release */ = {
			isa = XCBuildConfiguration;
			buildSettings = {
				ASSETCATALOG_COMPILER_APPICON_NAME = AppIcon;
				ASSETCATALOG_COMPILER_GLOBAL_ACCENT_COLOR_NAME = AccentColor;
				CODE_SIGN_STYLE = Automatic;
				CURRENT_PROJECT_VERSION = 1;
				DEVELOPMENT_TEAM = D289277BWD;
				GENERATE_INFOPLIST_FILE = YES;
				INFOPLIST_FILE = CHTimer/Info.plist;
				INFOPLIST_KEY_UIApplicationSupportsIndirectInputEvents = YES;
				INFOPLIST_KEY_UILaunchStoryboardName = LaunchScreen;
				INFOPLIST_KEY_UIMainStoryboardFile = Main;
				INFOPLIST_KEY_UISupportedInterfaceOrientations_iPad = "UIInterfaceOrientationPortrait UIInterfaceOrientationPortraitUpsideDown UIInterfaceOrientationLandscapeLeft UIInterfaceOrientationLandscapeRight";
				INFOPLIST_KEY_UISupportedInterfaceOrientations_iPhone = "UIInterfaceOrientationPortrait UIInterfaceOrientationLandscapeLeft UIInterfaceOrientationLandscapeRight";
				LD_RUNPATH_SEARCH_PATHS = (
					"$(inherited)",
					"@executable_path/Frameworks",
				);
				MARKETING_VERSION = 1.0;
				PRODUCT_BUNDLE_IDENTIFIER = jcw.CHTimer;
				PRODUCT_NAME = "$(TARGET_NAME)";
				SWIFT_EMIT_LOC_STRINGS = YES;
				SWIFT_VERSION = 5.0;
				TARGETED_DEVICE_FAMILY = "1,2";
			};
			name = Release;
		};
/* End XCBuildConfiguration section */

/* Begin XCConfigurationList section */
		830E3ECB282817C60077169A /* Build configuration list for PBXProject "CHTimer" */ = {
			isa = XCConfigurationList;
			buildConfigurations = (
				830E3EE2282817C70077169A /* Debug */,
				830E3EE3282817C70077169A /* Release */,
			);
			defaultConfigurationIsVisible = 0;
			defaultConfigurationName = Release;
		};
		830E3EE4282817C70077169A /* Build configuration list for PBXNativeTarget "CHTimer" */ = {
			isa = XCConfigurationList;
			buildConfigurations = (
				830E3EE5282817C70077169A /* Debug */,
				830E3EE6282817C70077169A /* Release */,
			);
			defaultConfigurationIsVisible = 0;
			defaultConfigurationName = Release;
		};
/* End XCConfigurationList section */
	};
	rootObject = 830E3EC8282817C60077169A /* Project object */;
}
